
Microsoft Visual Studio Solution File, Format Version 12.00
# Visual Studio Version 17
VisualStudioVersion = 17.12.35707.178
MinimumVisualStudioVersion = 10.0.40219.1
Project("{FAE04EC0-301F-11D3-BF4B-00C04F79EFBC}") = "Routes.Api", "Rotas\Routes.Api.csproj", "{7541C27D-F032-4FC5-834C-61E9AD1EFFBA}"
EndProject
Project("{FAE04EC0-301F-11D3-BF4B-00C04F79EFBC}") = "Routes.Domain", "Rotas.Domain\Routes.Domain.csproj", "{C6AA6D7D-7C41-4DD8-89A8-6152ABBAD51C}"
EndProject
Project("{FAE04EC0-301F-11D3-BF4B-00C04F79EFBC}") = "Routes.Infra", "Rotas.Infra\Routes.Infra.csproj", "{2AB38D9A-F4A8-4008-9DCB-381F5C7503E1}"
EndProject
Project("{FAE04EC0-301F-11D3-BF4B-00C04F79EFBC}") = "Routes.Service", "Rotas.Service\Routes.Service.csproj", "{BD4901B8-56D7-4519-BA84-213593B4733B}"
EndProject
Project("{FAE04EC0-301F-11D3-BF4B-00C04F79EFBC}") = "Routes.Service.Tests", "Routes.Service.Testes\Routes.Service.Tests.csproj", "{FF5885A5-FE8F-48EB-8166-6E4A8266D564}"
EndProject
Global
	GlobalSection(SolutionConfigurationPlatforms) = preSolution
		Debug|Any CPU = Debug|Any CPU
		Release|Any CPU = Release|Any CPU
	EndGlobalSection
	GlobalSection(ProjectConfigurationPlatforms) = postSolution
		{7541C27D-F032-4FC5-834C-61E9AD1EFFBA}.Debug|Any CPU.ActiveCfg = Debug|Any CPU
		{7541C27D-F032-4FC5-834C-61E9AD1EFFBA}.Debug|Any CPU.Build.0 = Debug|Any CPU
		{7541C27D-F032-4FC5-834C-61E9AD1EFFBA}.Release|Any CPU.ActiveCfg = Release|Any CPU
		{7541C27D-F032-4FC5-834C-61E9AD1EFFBA}.Release|Any CPU.Build.0 = Release|Any CPU
		{C6AA6D7D-7C41-4DD8-89A8-6152ABBAD51C}.Debug|Any CPU.ActiveCfg = Debug|Any CPU
		{C6AA6D7D-7C41-4DD8-89A8-6152ABBAD51C}.Debug|Any CPU.Build.0 = Debug|Any CPU
		{C6AA6D7D-7C41-4DD8-89A8-6152ABBAD51C}.Release|Any CPU.ActiveCfg = Release|Any CPU
		{C6AA6D7D-7C41-4DD8-89A8-6152ABBAD51C}.Release|Any CPU.Build.0 = Release|Any CPU
		{2AB38D9A-F4A8-4008-9DCB-381F5C7503E1}.Debug|Any CPU.ActiveCfg = Debug|Any CPU
		{2AB38D9A-F4A8-4008-9DCB-381F5C7503E1}.Debug|Any CPU.Build.0 = Debug|Any CPU
		{2AB38D9A-F4A8-4008-9DCB-381F5C7503E1}.Release|Any CPU.ActiveCfg = Release|Any CPU
		{2AB38D9A-F4A8-4008-9DCB-381F5C7503E1}.Release|Any CPU.Build.0 = Release|Any CPU
		{BD4901B8-56D7-4519-BA84-213593B4733B}.Debug|Any CPU.ActiveCfg = Debug|Any CPU
		{BD4901B8-56D7-4519-BA84-213593B4733B}.Debug|Any CPU.Build.0 = Debug|Any CPU
		{BD4901B8-56D7-4519-BA84-213593B4733B}.Release|Any CPU.ActiveCfg = Release|Any CPU
		{BD4901B8-56D7-4519-BA84-213593B4733B}.Release|Any CPU.Build.0 = Release|Any CPU
		{FF5885A5-FE8F-48EB-8166-6E4A8266D564}.Debug|Any CPU.ActiveCfg = Debug|Any CPU
		{FF5885A5-FE8F-48EB-8166-6E4A8266D564}.Debug|Any CPU.Build.0 = Debug|Any CPU
		{FF5885A5-FE8F-48EB-8166-6E4A8266D564}.Release|Any CPU.ActiveCfg = Release|Any CPU
		{FF5885A5-FE8F-48EB-8166-6E4A8266D564}.Release|Any CPU.Build.0 = Release|Any CPU
	EndGlobalSection
	GlobalSection(SolutionProperties) = preSolution
		HideSolutionNode = FALSE
	EndGlobalSection
EndGlobal
